// !$*UTF8*$!
{
	archiveVersion = 1;
	classes = {
	};
	objectVersion = 46;
	objects = {

/* Begin PBXBuildFile section */
		761FF6451EBACCA000B04DB3 /* AppDelegate.swift in Sources */ = {isa = PBXBuildFile; fileRef = 761FF6441EBACCA000B04DB3 /* AppDelegate.swift */; };
		761FF6471EBACCA000B04DB3 /* ViewController.swift in Sources */ = {isa = PBXBuildFile; fileRef = 761FF6461EBACCA000B04DB3 /* ViewController.swift */; };
		761FF64A1EBACCA000B04DB3 /* Main.storyboard in Resources */ = {isa = PBXBuildFile; fileRef = 761FF6481EBACCA000B04DB3 /* Main.storyboard */; };
		761FF64C1EBACCA000B04DB3 /* Assets.xcassets in Resources */ = {isa = PBXBuildFile; fileRef = 761FF64B1EBACCA000B04DB3 /* Assets.xcassets */; };
		761FF64F1EBACCA000B04DB3 /* LaunchScreen.storyboard in Resources */ = {isa = PBXBuildFile; fileRef = 761FF64D1EBACCA000B04DB3 /* LaunchScreen.storyboard */; };
		761FF65A1EBACCA000B04DB3 /* BusinessCalcTests.swift in Sources */ = {isa = PBXBuildFile; fileRef = 761FF6591EBACCA000B04DB3 /* BusinessCalcTests.swift */; };
		761FF6651EBACEAD00B04DB3 /* CustomCellMainVC.swift in Sources */ = {isa = PBXBuildFile; fileRef = 761FF6641EBACEAC00B04DB3 /* CustomCellMainVC.swift */; };
		76EF56321EC27894002E8662 /* Model.xcdatamodeld in Sources */ = {isa = PBXBuildFile; fileRef = 76EF56301EC27894002E8662 /* Model.xcdatamodeld */; };
		76EF56341EC278FC002E8662 /* ProjectDetailVC.swift in Sources */ = {isa = PBXBuildFile; fileRef = 76EF56331EC278FC002E8662 /* ProjectDetailVC.swift */; };
/* End PBXBuildFile section */

/* Begin PBXContainerItemProxy section */
		761FF6561EBACCA000B04DB3 /* PBXContainerItemProxy */ = {
			isa = PBXContainerItemProxy;
			containerPortal = 761FF6391EBACCA000B04DB3 /* Project object */;
			proxyType = 1;
			remoteGlobalIDString = 761FF6401EBACCA000B04DB3;
			remoteInfo = BusinessCalc;
		};
/* End PBXContainerItemProxy section */

/* Begin PBXFileReference section */
		761FF6411EBACCA000B04DB3 /* BusinessCalc.app */ = {isa = PBXFileReference; explicitFileType = wrapper.application; includeInIndex = 0; path = BusinessCalc.app; sourceTree = BUILT_PRODUCTS_DIR; };
		761FF6441EBACCA000B04DB3 /* AppDelegate.swift */ = {isa = PBXFileReference; lastKnownFileType = sourcecode.swift; path = AppDelegate.swift; sourceTree = "<group>"; };
		761FF6461EBACCA000B04DB3 /* ViewController.swift */ = {isa = PBXFileReference; lastKnownFileType = sourcecode.swift; path = ViewController.swift; sourceTree = "<group>"; };
		761FF6491EBACCA000B04DB3 /* Base */ = {isa = PBXFileReference; lastKnownFileType = file.storyboard; name = Base; path = Base.lproj/Main.storyboard; sourceTree = "<group>"; };
		761FF64B1EBACCA000B04DB3 /* Assets.xcassets */ = {isa = PBXFileReference; lastKnownFileType = folder.assetcatalog; path = Assets.xcassets; sourceTree = "<group>"; };
		761FF64E1EBACCA000B04DB3 /* Base */ = {isa = PBXFileReference; lastKnownFileType = file.storyboard; name = Base; path = Base.lproj/LaunchScreen.storyboard; sourceTree = "<group>"; };
		761FF6501EBACCA000B04DB3 /* Info.plist */ = {isa = PBXFileReference; lastKnownFileType = text.plist.xml; path = Info.plist; sourceTree = "<group>"; };
		761FF6551EBACCA000B04DB3 /* BusinessCalcTests.xctest */ = {isa = PBXFileReference; explicitFileType = wrapper.cfbundle; includeInIndex = 0; path = BusinessCalcTests.xctest; sourceTree = BUILT_PRODUCTS_DIR; };
		761FF6591EBACCA000B04DB3 /* BusinessCalcTests.swift */ = {isa = PBXFileReference; lastKnownFileType = sourcecode.swift; path = BusinessCalcTests.swift; sourceTree = "<group>"; };
		761FF65B1EBACCA000B04DB3 /* Info.plist */ = {isa = PBXFileReference; lastKnownFileType = text.plist.xml; path = Info.plist; sourceTree = "<group>"; };
		761FF6641EBACEAC00B04DB3 /* CustomCellMainVC.swift */ = {isa = PBXFileReference; fileEncoding = 4; lastKnownFileType = sourcecode.swift; path = CustomCellMainVC.swift; sourceTree = "<group>"; };
		76EF56311EC27894002E8662 /* Model.xcdatamodel */ = {isa = PBXFileReference; lastKnownFileType = wrapper.xcdatamodel; path = Model.xcdatamodel; sourceTree = "<group>"; };
		76EF56331EC278FC002E8662 /* ProjectDetailVC.swift */ = {isa = PBXFileReference; fileEncoding = 4; lastKnownFileType = sourcecode.swift; path = ProjectDetailVC.swift; sourceTree = "<group>"; };
/* End PBXFileReference section */

/* Begin PBXFrameworksBuildPhase section */
		761FF63E1EBACCA000B04DB3 /* Frameworks */ = {
			isa = PBXFrameworksBuildPhase;
			buildActionMask = 2147483647;
			files = (
			);
			runOnlyForDeploymentPostprocessing = 0;
		};
		761FF6521EBACCA000B04DB3 /* Frameworks */ = {
			isa = PBXFrameworksBuildPhase;
			buildActionMask = 2147483647;
			files = (
			);
			runOnlyForDeploymentPostprocessing = 0;
		};
/* End PBXFrameworksBuildPhase section */

/* Begin PBXGroup section */
		761FF6381EBACCA000B04DB3 = {
			isa = PBXGroup;
			children = (
				761FF6641EBACEAC00B04DB3 /* CustomCellMainVC.swift */,
				76EF56331EC278FC002E8662 /* ProjectDetailVC.swift */,
				761FF6431EBACCA000B04DB3 /* BusinessCalc */,
				761FF6581EBACCA000B04DB3 /* BusinessCalcTests */,
				761FF6421EBACCA000B04DB3 /* Products */,
			);
			sourceTree = "<group>";
		};
		761FF6421EBACCA000B04DB3 /* Products */ = {
			isa = PBXGroup;
			children = (
				761FF6411EBACCA000B04DB3 /* BusinessCalc.app */,
				761FF6551EBACCA000B04DB3 /* BusinessCalcTests.xctest */,
			);
			name = Products;
			sourceTree = "<group>";
		};
		761FF6431EBACCA000B04DB3 /* BusinessCalc */ = {
			isa = PBXGroup;
			children = (
				761FF6441EBACCA000B04DB3 /* AppDelegate.swift */,
				761FF6461EBACCA000B04DB3 /* ViewController.swift */,
				761FF6481EBACCA000B04DB3 /* Main.storyboard */,
				761FF64B1EBACCA000B04DB3 /* Assets.xcassets */,
				761FF64D1EBACCA000B04DB3 /* LaunchScreen.storyboard */,
				761FF6501EBACCA000B04DB3 /* Info.plist */,
				76EF56301EC27894002E8662 /* Model.xcdatamodeld */,
			);
			path = BusinessCalc;
			sourceTree = "<group>";
		};
		761FF6581EBACCA000B04DB3 /* BusinessCalcTests */ = {
			isa = PBXGroup;
			children = (
				761FF6591EBACCA000B04DB3 /* BusinessCalcTests.swift */,
				761FF65B1EBACCA000B04DB3 /* Info.plist */,
			);
			path = BusinessCalcTests;
			sourceTree = "<group>";
		};
/* End PBXGroup section */

/* Begin PBXNativeTarget section */
		761FF6401EBACCA000B04DB3 /* BusinessCalc */ = {
			isa = PBXNativeTarget;
			buildConfigurationList = 761FF65E1EBACCA000B04DB3 /* Build configuration list for PBXNativeTarget "BusinessCalc" */;
			buildPhases = (
				761FF63D1EBACCA000B04DB3 /* Sources */,
				761FF63E1EBACCA000B04DB3 /* Frameworks */,
				761FF63F1EBACCA000B04DB3 /* Resources */,
			);
			buildRules = (
			);
			dependencies = (
			);
			name = BusinessCalc;
			productName = BusinessCalc;
			productReference = 761FF6411EBACCA000B04DB3 /* BusinessCalc.app */;
			productType = "com.apple.product-type.application";
		};
		761FF6541EBACCA000B04DB3 /* BusinessCalcTests */ = {
			isa = PBXNativeTarget;
			buildConfigurationList = 761FF6611EBACCA000B04DB3 /* Build configuration list for PBXNativeTarget "BusinessCalcTests" */;
			buildPhases = (
				761FF6511EBACCA000B04DB3 /* Sources */,
				761FF6521EBACCA000B04DB3 /* Frameworks */,
				761FF6531EBACCA000B04DB3 /* Resources */,
			);
			buildRules = (
			);
			dependencies = (
				761FF6571EBACCA000B04DB3 /* PBXTargetDependency */,
			);
			name = BusinessCalcTests;
			productName = BusinessCalcTests;
			productReference = 761FF6551EBACCA000B04DB3 /* BusinessCalcTests.xctest */;
			productType = "com.apple.product-type.bundle.unit-test";
		};
/* End PBXNativeTarget section */

/* Begin PBXProject section */
		761FF6391EBACCA000B04DB3 /* Project object */ = {
			isa = PBXProject;
			attributes = {
				LastSwiftUpdateCheck = 0830;
				LastUpgradeCheck = 0830;
				ORGANIZATIONNAME = "David Guichon";
				TargetAttributes = {
					761FF6401EBACCA000B04DB3 = {
						CreatedOnToolsVersion = 8.3.1;
						DevelopmentTeam = 59NTDPFXJ3;
						ProvisioningStyle = Automatic;
					};
					761FF6541EBACCA000B04DB3 = {
						CreatedOnToolsVersion = 8.3.1;
						ProvisioningStyle = Automatic;
						TestTargetID = 761FF6401EBACCA000B04DB3;
					};
				};
			};
			buildConfigurationList = 761FF63C1EBACCA000B04DB3 /* Build configuration list for PBXProject "BusinessCalc" */;
			compatibilityVersion = "Xcode 3.2";
			developmentRegion = English;
			hasScannedForEncodings = 0;
			knownRegions = (
				en,
				Base,
			);
			mainGroup = 761FF6381EBACCA000B04DB3;
			productRefGroup = 761FF6421EBACCA000B04DB3 /* Products */;
			projectDirPath = "";
			projectRoot = "";
			targets = (
				761FF6401EBACCA000B04DB3 /* BusinessCalc */,
				761FF6541EBACCA000B04DB3 /* BusinessCalcTests */,
			);
		};
/* End PBXProject section */

/* Begin PBXResourcesBuildPhase section */
		761FF63F1EBACCA000B04DB3 /* Resources */ = {
			isa = PBXResourcesBuildPhase;
			buildActionMask = 2147483647;
			files = (
				761FF64F1EBACCA000B04DB3 /* LaunchScreen.storyboard in Resources */,
				761FF64C1EBACCA000B04DB3 /* Assets.xcassets in Resources */,
				761FF64A1EBACCA000B04DB3 /* Main.storyboard in Resources */,
			);
			runOnlyForDeploymentPostprocessing = 0;
		};
		761FF6531EBACCA000B04DB3 /* Resources */ = {
			isa = PBXResourcesBuildPhase;
			buildActionMask = 2147483647;
			files = (
			);
			runOnlyForDeploymentPostprocessing = 0;
		};
/* End PBXResourcesBuildPhase section */

/* Begin PBXSourcesBuildPhase section */
		761FF63D1EBACCA000B04DB3 /* Sources */ = {
			isa = PBXSourcesBuildPhase;
			buildActionMask = 2147483647;
			files = (
				761FF6471EBACCA000B04DB3 /* ViewController.swift in Sources */,
				761FF6651EBACEAD00B04DB3 /* CustomCellMainVC.swift in Sources */,
				761FF6451EBACCA000B04DB3 /* AppDelegate.swift in Sources */,
				76EF56321EC27894002E8662 /* Model.xcdatamodeld in Sources */,
				76EF56341EC278FC002E8662 /* ProjectDetailVC.swift in Sources */,
			);
			runOnlyForDeploymentPostprocessing = 0;
		};
		761FF6511EBACCA000B04DB3 /* Sources */ = {
			isa = PBXSourcesBuildPhase;
			buildActionMask = 2147483647;
			files = (
				761FF65A1EBACCA000B04DB3 /* BusinessCalcTests.swift in Sources */,
			);
			runOnlyForDeploymentPostprocessing = 0;
		};
/* End PBXSourcesBuildPhase section */

/* Begin PBXTargetDependency section */
		761FF6571EBACCA000B04DB3 /* PBXTargetDependency */ = {
			isa = PBXTargetDependency;
			target = 761FF6401EBACCA000B04DB3 /* BusinessCalc */;
			targetProxy = 761FF6561EBACCA000B04DB3 /* PBXContainerItemProxy */;
		};
/* End PBXTargetDependency section */

/* Begin PBXVariantGroup section */
		761FF6481EBACCA000B04DB3 /* Main.storyboard */ = {
			isa = PBXVariantGroup;
			children = (
				761FF6491EBACCA000B04DB3 /* Base */,
			);
			name = Main.storyboard;
			sourceTree = "<group>";
		};
		761FF64D1EBACCA000B04DB3 /* LaunchScreen.storyboard */ = {
			isa = PBXVariantGroup;
			children = (
				761FF64E1EBACCA000B04DB3 /* Base */,
			);
			name = LaunchScreen.storyboard;
			sourceTree = "<group>";
		};
/* End PBXVariantGroup section */

/* Begin XCBuildConfiguration section */
		761FF65C1EBACCA000B04DB3 /* Debug */ = {
			isa = XCBuildConfiguration;
			buildSettings = {
				ALWAYS_SEARCH_USER_PATHS = NO;
				CLANG_ANALYZER_NONNULL = YES;
				CLANG_ANALYZER_NUMBER_OBJECT_CONVERSION = YES_AGGRESSIVE;
				CLANG_CXX_LANGUAGE_STANDARD = "gnu++0x";
				CLANG_CXX_LIBRARY = "libc++";
				CLANG_ENABLE_MODULES = YES;
				CLANG_ENABLE_OBJC_ARC = YES;
				CLANG_WARN_BOOL_CONVERSION = YES;
				CLANG_WARN_CONSTANT_CONVERSION = YES;
				CLANG_WARN_DIRECT_OBJC_ISA_USAGE = YES_ERROR;
				CLANG_WARN_DOCUMENTATION_COMMENTS = YES;
				CLANG_WARN_EMPTY_BODY = YES;
				CLANG_WARN_ENUM_CONVERSION = YES;
				CLANG_WARN_INFINITE_RECURSION = YES;
				CLANG_WARN_INT_CONVERSION = YES;
				CLANG_WARN_OBJC_ROOT_CLASS = YES_ERROR;
				CLANG_WARN_SUSPICIOUS_MOVE = YES;
				CLANG_WARN_UNREACHABLE_CODE = YES;
				CLANG_WARN__DUPLICATE_METHOD_MATCH = YES;
				"CODE_SIGN_IDENTITY[sdk=iphoneos*]" = "iPhone Developer";
				COPY_PHASE_STRIP = NO;
				DEBUG_INFORMATION_FORMAT = dwarf;
				ENABLE_STRICT_OBJC_MSGSEND = YES;
				ENABLE_TESTABILITY = YES;
				GCC_C_LANGUAGE_STANDARD = gnu99;
				GCC_DYNAMIC_NO_PIC = NO;
				GCC_NO_COMMON_BLOCKS = YES;
				GCC_OPTIMIZATION_LEVEL = 0;
				GCC_PREPROCESSOR_DEFINITIONS = (
					"DEBUG=1",
					"$(inherited)",
				);
				GCC_WARN_64_TO_32_BIT_CONVERSION = YES;
				GCC_WARN_ABOUT_RETURN_TYPE = YES_ERROR;
				GCC_WARN_UNDECLARED_SELECTOR = YES;
				GCC_WARN_UNINITIALIZED_AUTOS = YES_AGGRESSIVE;
				GCC_WARN_UNUSED_FUNCTION = YES;
				GCC_WARN_UNUSED_VARIABLE = YES;
				IPHONEOS_DEPLOYMENT_TARGET = 10.3;
				MTL_ENABLE_DEBUG_INFO = YES;
				ONLY_ACTIVE_ARCH = YES;
				SDKROOT = iphoneos;
				SWIFT_ACTIVE_COMPILATION_CONDITIONS = DEBUG;
				SWIFT_OPTIMIZATION_LEVEL = "-Onone";
			};
			name = Debug;
		};
		761FF65D1EBACCA000B04DB3 /* Release */ = {
			isa = XCBuildConfiguration;
			buildSettings = {
				ALWAYS_SEARCH_USER_PATHS = NO;
				CLANG_ANALYZER_NONNULL = YES;
				CLANG_ANALYZER_NUMBER_OBJECT_CONVERSION = YES_AGGRESSIVE;
				CLANG_CXX_LANGUAGE_STANDARD = "gnu++0x";
				CLANG_CXX_LIBRARY = "libc++";
				CLANG_ENABLE_MODULES = YES;
				CLANG_ENABLE_OBJC_ARC = YES;
				CLANG_WARN_BOOL_CONVERSION = YES;
				CLANG_WARN_CONSTANT_CONVERSION = YES;
				CLANG_WARN_DIRECT_OBJC_ISA_USAGE = YES_ERROR;
				CLANG_WARN_DOCUMENTATION_COMMENTS = YES;
				CLANG_WARN_EMPTY_BODY = YES;
				CLANG_WARN_ENUM_CONVERSION = YES;
				CLANG_WARN_INFINITE_RECURSION = YES;
				CLANG_WARN_INT_CONVERSION = YES;
				CLANG_WARN_OBJC_ROOT_CLASS = YES_ERROR;
				CLANG_WARN_SUSPICIOUS_MOVE = YES;
				CLANG_WARN_UNREACHABLE_CODE = YES;
				CLANG_WARN__DUPLICATE_METHOD_MATCH = YES;
				"CODE_SIGN_IDENTITY[sdk=iphoneos*]" = "iPhone Developer";
				COPY_PHASE_STRIP = NO;
				DEBUG_INFORMATION_FORMAT = "dwarf-with-dsym";
				ENABLE_NS_ASSERTIONS = NO;
				ENABLE_STRICT_OBJC_MSGSEND = YES;
				GCC_C_LANGUAGE_STANDARD = gnu99;
				GCC_NO_COMMON_BLOCKS = YES;
				GCC_WARN_64_TO_32_BIT_CONVERSION = YES;
				GCC_WARN_ABOUT_RETURN_TYPE = YES_ERROR;
				GCC_WARN_UNDECLARED_SELECTOR = YES;
				GCC_WARN_UNINITIALIZED_AUTOS = YES_AGGRESSIVE;
				GCC_WARN_UNUSED_FUNCTION = YES;
				GCC_WARN_UNUSED_VARIABLE = YES;
				IPHONEOS_DEPLOYMENT_TARGET = 10.3;
				MTL_ENABLE_DEBUG_INFO = NO;
				SDKROOT = iphoneos;
				SWIFT_OPTIMIZATION_LEVEL = "-Owholemodule";
				VALIDATE_PRODUCT = YES;
			};
			name = Release;
		};
		761FF65F1EBACCA000B04DB3 /* Debug */ = {
			isa = XCBuildConfiguration;
			buildSettings = {
				ASSETCATALOG_COMPILER_APPICON_NAME = AppIcon;
				DEVELOPMENT_TEAM = 59NTDPFXJ3;
				INFOPLIST_FILE = BusinessCalc/Info.plist;
				LD_RUNPATH_SEARCH_PATHS = "$(inherited) @executable_path/Frameworks";
				PRODUCT_BUNDLE_IDENTIFIER = com.davidguichon.BusinessCalc;
				PRODUCT_NAME = "$(TARGET_NAME)";
				SWIFT_VERSION = 3.0;
			};
			name = Debug;
		};
		761FF6601EBACCA000B04DB3 /* Release */ = {
			isa = XCBuildConfiguration;
			buildSettings = {
				ASSETCATALOG_COMPILER_APPICON_NAME = AppIcon;
				DEVELOPMENT_TEAM = 59NTDPFXJ3;
				INFOPLIST_FILE = BusinessCalc/Info.plist;
				LD_RUNPATH_SEARCH_PATHS = "$(inherited) @executable_path/Frameworks";
				PRODUCT_BUNDLE_IDENTIFIER = com.davidguichon.BusinessCalc;
				PRODUCT_NAME = "$(TARGET_NAME)";
				SWIFT_VERSION = 3.0;
			};
			name = Release;
		};
		761FF6621EBACCA000B04DB3 /* Debug */ = {
			isa = XCBuildConfiguration;
			buildSettings = {
				ALWAYS_EMBED_SWIFT_STANDARD_LIBRARIES = YES;
				BUNDLE_LOADER = "$(TEST_HOST)";
				INFOPLIST_FILE = BusinessCalcTests/Info.plist;
				LD_RUNPATH_SEARCH_PATHS = "$(inherited) @executable_path/Frameworks @loader_path/Frameworks";
				PRODUCT_BUNDLE_IDENTIFIER = com.davidguichon.BusinessCalcTests;
				PRODUCT_NAME = "$(TARGET_NAME)";
				SWIFT_VERSION = 3.0;
				TEST_HOST = "$(BUILT_PRODUCTS_DIR)/BusinessCalc.app/BusinessCalc";
			};
			name = Debug;
		};
		761FF6631EBACCA000B04DB3 /* Release */ = {
			isa = XCBuildConfiguration;
			buildSettings = {
				ALWAYS_EMBED_SWIFT_STANDARD_LIBRARIES = YES;
				BUNDLE_LOADER = "$(TEST_HOST)";
				INFOPLIST_FILE = BusinessCalcTests/Info.plist;
				LD_RUNPATH_SEARCH_PATHS = "$(inherited) @executable_path/Frameworks @loader_path/Frameworks";
				PRODUCT_BUNDLE_IDENTIFIER = com.davidguichon.BusinessCalcTests;
				PRODUCT_NAME = "$(TARGET_NAME)";
				SWIFT_VERSION = 3.0;
				TEST_HOST = "$(BUILT_PRODUCTS_DIR)/BusinessCalc.app/BusinessCalc";
			};
			name = Release;
		};
/* End XCBuildConfiguration section */

/* Begin XCConfigurationList section */
		761FF63C1EBACCA000B04DB3 /* Build configuration list for PBXProject "BusinessCalc" */ = {
			isa = XCConfigurationList;
			buildConfigurations = (
				761FF65C1EBACCA000B04DB3 /* Debug */,
				761FF65D1EBACCA000B04DB3 /* Release */,
			);
			defaultConfigurationIsVisible = 0;
			defaultConfigurationName = Release;
		};
		761FF65E1EBACCA000B04DB3 /* Build configuration list for PBXNativeTarget "BusinessCalc" */ = {
			isa = XCConfigurationList;
			buildConfigurations = (
				761FF65F1EBACCA000B04DB3 /* Debug */,
				761FF6601EBACCA000B04DB3 /* Release */,
			);
			defaultConfigurationIsVisible = 0;
			defaultConfigurationName = Release;
		};
		761FF6611EBACCA000B04DB3 /* Build configuration list for PBXNativeTarget "BusinessCalcTests" */ = {
			isa = XCConfigurationList;
			buildConfigurations = (
				761FF6621EBACCA000B04DB3 /* Debug */,
				761FF6631EBACCA000B04DB3 /* Release */,
			);
			defaultConfigurationIsVisible = 0;
			defaultConfigurationName = Release;
		};
/* End XCConfigurationList section */

/* Begin XCVersionGroup section */
		76EF56301EC27894002E8662 /* Model.xcdatamodeld */ = {
			isa = XCVersionGroup;
			children = (
				76EF56311EC27894002E8662 /* Model.xcdatamodel */,
			);
			currentVersion = 76EF56311EC27894002E8662 /* Model.xcdatamodel */;
			name = Model.xcdatamodeld;
			path = ../Model.xcdatamodeld;
			sourceTree = "<group>";
			versionGroupType = wrapper.xcdatamodel;
		};
/* End XCVersionGroup section */
	};
	rootObject = 761FF6391EBACCA000B04DB3 /* Project object */;
}
